
Microsoft Visual Studio Solution File, Format Version 12.00
# Visual Studio Version 16
VisualStudioVersion = 16.0.29009.5
MinimumVisualStudioVersion = 10.0.40219.1
Project("{FAE04EC0-301F-11D3-BF4B-00C04F79EFBC}") = "FlightRoutesSearchAPI", "FlightRoutesSearchAPI\FlightRoutesSearchAPI.csproj", "{2D8C27FF-0383-433E-A448-C09A27F57EA8}"
EndProject
Global
	GlobalSection(SolutionConfigurationPlatforms) = preSolution
		Debug|Any CPU = Debug|Any CPU
		Release|Any CPU = Release|Any CPU
	EndGlobalSection
	GlobalSection(ProjectConfigurationPlatforms) = postSolution
		{2D8C27FF-0383-433E-A448-C09A27F57EA8}.Debug|Any CPU.ActiveCfg = Debug|Any CPU
		{2D8C27FF-0383-433E-A448-C09A27F57EA8}.Debug|Any CPU.Build.0 = Debug|Any CPU
		{2D8C27FF-0383-433E-A448-C09A27F57EA8}.Release|Any CPU.ActiveCfg = Release|Any CPU
		{2D8C27FF-0383-433E-A448-C09A27F57EA8}.Release|Any CPU.Build.0 = Release|Any CPU
	EndGlobalSection
	GlobalSection(SolutionProperties) = preSolution
		HideSolutionNode = FALSE
	EndGlobalSection
	GlobalSection(ExtensibilityGlobals) = postSolution
		SolutionGuid = {74B22041-7B42-425C-B3A5-C7B2C2C683D4}
	EndGlobalSection
EndGlobal
