
Microsoft Visual Studio Solution File, Format Version 12.00
# Visual Studio Version 16
VisualStudioVersion = 16.0.29123.88
MinimumVisualStudioVersion = 10.0.40219.1
Project("{FAE04EC0-301F-11D3-BF4B-00C04F79EFBC}") = "GuestLogixRouteAPI", "GuestLogixRouteAPI.csproj", "{5CFB7074-C6AA-4B00-9761-61C5E29D2981}"
EndProject
Global
	GlobalSection(SolutionConfigurationPlatforms) = preSolution
		Debug|Any CPU = Debug|Any CPU
		Release|Any CPU = Release|Any CPU
	EndGlobalSection
	GlobalSection(ProjectConfigurationPlatforms) = postSolution
		{5CFB7074-C6AA-4B00-9761-61C5E29D2981}.Debug|Any CPU.ActiveCfg = Debug|Any CPU
		{5CFB7074-C6AA-4B00-9761-61C5E29D2981}.Debug|Any CPU.Build.0 = Debug|Any CPU
		{5CFB7074-C6AA-4B00-9761-61C5E29D2981}.Release|Any CPU.ActiveCfg = Release|Any CPU
		{5CFB7074-C6AA-4B00-9761-61C5E29D2981}.Release|Any CPU.Build.0 = Release|Any CPU
	EndGlobalSection
	GlobalSection(SolutionProperties) = preSolution
		HideSolutionNode = FALSE
	EndGlobalSection
	GlobalSection(ExtensibilityGlobals) = postSolution
		SolutionGuid = {09125DA2-13D6-43FC-9AEC-2E11E55B4C1A}
	EndGlobalSection
EndGlobal
